// !$*UTF8*$!
{
	archiveVersion = 1;
	classes = {
	};
	objectVersion = 56;
	objects = {

/* Begin PBXBuildFile section */
		6611A74C514C99EA47364BAD /* Pods_QRScanner.framework in Frameworks */ = {isa = PBXBuildFile; fileRef = A303013510595432F0C26FF3 /* Pods_QRScanner.framework */; };
		B5145BA72BDDB057005EA17A /* ProfilViewController.swift in Sources */ = {isa = PBXBuildFile; fileRef = B5145BA62BDDB057005EA17A /* ProfilViewController.swift */; };
		B537D18A2BD7DF36005B8992 /* ImageMakerViewController.swift in Sources */ = {isa = PBXBuildFile; fileRef = B537D1892BD7DF36005B8992 /* ImageMakerViewController.swift */; };
		B538E8772BCDBF6800D72DC1 /* AppDelegate.swift in Sources */ = {isa = PBXBuildFile; fileRef = B538E8762BCDBF6800D72DC1 /* AppDelegate.swift */; };
		B538E8792BCDBF6800D72DC1 /* SceneDelegate.swift in Sources */ = {isa = PBXBuildFile; fileRef = B538E8782BCDBF6800D72DC1 /* SceneDelegate.swift */; };
		B538E87B2BCDBF6800D72DC1 /* ViewController.swift in Sources */ = {isa = PBXBuildFile; fileRef = B538E87A2BCDBF6800D72DC1 /* ViewController.swift */; };
		B538E87E2BCDBF6800D72DC1 /* Base in Resources */ = {isa = PBXBuildFile; fileRef = B538E87D2BCDBF6800D72DC1 /* Base */; };
		B538E8802BCDBF6800D72DC1 /* Assets.xcassets in Resources */ = {isa = PBXBuildFile; fileRef = B538E87F2BCDBF6800D72DC1 /* Assets.xcassets */; };
		B538E8832BCDBF6800D72DC1 /* Base in Resources */ = {isa = PBXBuildFile; fileRef = B538E8822BCDBF6800D72DC1 /* Base */; };
		B5476C742BE01D260059F2C9 /* SaveViewController.swift in Sources */ = {isa = PBXBuildFile; fileRef = B5476C732BE01D260059F2C9 /* SaveViewController.swift */; };
		B547A3BD2BDE321D00C3F0FB /* LogInViewController.swift in Sources */ = {isa = PBXBuildFile; fileRef = B547A3BC2BDE321D00C3F0FB /* LogInViewController.swift */; };
		B547A3BF2BDE324400C3F0FB /* SignUpViewController.swift in Sources */ = {isa = PBXBuildFile; fileRef = B547A3BE2BDE324400C3F0FB /* SignUpViewController.swift */; };
		B565F1D52BD50BAB0028897A /* WIFIMakerViewController.swift in Sources */ = {isa = PBXBuildFile; fileRef = B565F1D42BD50BAB0028897A /* WIFIMakerViewController.swift */; };
		B5755B892BD8054A0022CFC5 /* HistoryViewController.swift in Sources */ = {isa = PBXBuildFile; fileRef = B5755B882BD8054A0022CFC5 /* HistoryViewController.swift */; };
		B59DE0B62BD560F800EB6169 /* SocialMedyaMakerViewController.swift in Sources */ = {isa = PBXBuildFile; fileRef = B59DE0B52BD560F700EB6169 /* SocialMedyaMakerViewController.swift */; };
		B59DE0B82BD56EC200EB6169 /* PDFMakerViewController.swift in Sources */ = {isa = PBXBuildFile; fileRef = B59DE0B72BD56EC200EB6169 /* PDFMakerViewController.swift */; };
		B5A835402BD40C7500E7B210 /* GenerateAndDesign.swift in Sources */ = {isa = PBXBuildFile; fileRef = B5A8353F2BD40C7500E7B210 /* GenerateAndDesign.swift */; };
		B5A835422BD4132500E7B210 /* DesignViewController.swift in Sources */ = {isa = PBXBuildFile; fileRef = B5A835412BD4132500E7B210 /* DesignViewController.swift */; };
		B5A835442BD4255600E7B210 /* MakerViewController.swift in Sources */ = {isa = PBXBuildFile; fileRef = B5A835432BD4255600E7B210 /* MakerViewController.swift */; };
		B5A835482BD44E1200E7B210 /* TextMakerViewController.swift in Sources */ = {isa = PBXBuildFile; fileRef = B5A835472BD44E1200E7B210 /* TextMakerViewController.swift */; };
		B5A8354A2BD46BAE00E7B210 /* EmailMakerViewController.swift in Sources */ = {isa = PBXBuildFile; fileRef = B5A835492BD46BAE00E7B210 /* EmailMakerViewController.swift */; };
		B5A8354C2BD470CF00E7B210 /* VcardMakerViewController.swift in Sources */ = {isa = PBXBuildFile; fileRef = B5A8354B2BD470CF00E7B210 /* VcardMakerViewController.swift */; };
		B5C33E232BDD923E00D54549 /* GoogleService-Info.plist in Resources */ = {isa = PBXBuildFile; fileRef = B5C33E222BDD923E00D54549 /* GoogleService-Info.plist */; };
		B5D7B35A2BCF1909007234B4 /* ScannerViewController.swift in Sources */ = {isa = PBXBuildFile; fileRef = B5D7B3592BCF1909007234B4 /* ScannerViewController.swift */; };
		B5D7B35C2BCF1918007234B4 /* URLMakerViewController.swift in Sources */ = {isa = PBXBuildFile; fileRef = B5D7B35B2BCF1918007234B4 /* URLMakerViewController.swift */; };
		B5DF3E952BDC772400F3DE7C /* AppsMakerViewController.swift in Sources */ = {isa = PBXBuildFile; fileRef = B5DF3E942BDC772400F3DE7C /* AppsMakerViewController.swift */; };
/* End PBXBuildFile section */

/* Begin PBXFileReference section */
		5A7FC984CBD2B1D4129EE7F4 /* Pods-QRScanner.release.xcconfig */ = {isa = PBXFileReference; includeInIndex = 1; lastKnownFileType = text.xcconfig; name = "Pods-QRScanner.release.xcconfig"; path = "Target Support Files/Pods-QRScanner/Pods-QRScanner.release.xcconfig"; sourceTree = "<group>"; };
		A303013510595432F0C26FF3 /* Pods_QRScanner.framework */ = {isa = PBXFileReference; explicitFileType = wrapper.framework; includeInIndex = 0; path = Pods_QRScanner.framework; sourceTree = BUILT_PRODUCTS_DIR; };
		B5145BA62BDDB057005EA17A /* ProfilViewController.swift */ = {isa = PBXFileReference; lastKnownFileType = sourcecode.swift; path = ProfilViewController.swift; sourceTree = "<group>"; };
		B537D1892BD7DF36005B8992 /* ImageMakerViewController.swift */ = {isa = PBXFileReference; lastKnownFileType = sourcecode.swift; path = ImageMakerViewController.swift; sourceTree = "<group>"; };
		B538E8732BCDBF6800D72DC1 /* QRScanner.app */ = {isa = PBXFileReference; explicitFileType = wrapper.application; includeInIndex = 0; path = QRScanner.app; sourceTree = BUILT_PRODUCTS_DIR; };
		B538E8762BCDBF6800D72DC1 /* AppDelegate.swift */ = {isa = PBXFileReference; lastKnownFileType = sourcecode.swift; path = AppDelegate.swift; sourceTree = "<group>"; };
		B538E8782BCDBF6800D72DC1 /* SceneDelegate.swift */ = {isa = PBXFileReference; lastKnownFileType = sourcecode.swift; path = SceneDelegate.swift; sourceTree = "<group>"; };
		B538E87A2BCDBF6800D72DC1 /* ViewController.swift */ = {isa = PBXFileReference; lastKnownFileType = sourcecode.swift; path = ViewController.swift; sourceTree = "<group>"; };
		B538E87D2BCDBF6800D72DC1 /* Base */ = {isa = PBXFileReference; lastKnownFileType = file.storyboard; name = Base; path = Base.lproj/Main.storyboard; sourceTree = "<group>"; };
		B538E87F2BCDBF6800D72DC1 /* Assets.xcassets */ = {isa = PBXFileReference; lastKnownFileType = folder.assetcatalog; path = Assets.xcassets; sourceTree = "<group>"; };
		B538E8822BCDBF6800D72DC1 /* Base */ = {isa = PBXFileReference; lastKnownFileType = file.storyboard; name = Base; path = Base.lproj/LaunchScreen.storyboard; sourceTree = "<group>"; };
		B538E8842BCDBF6800D72DC1 /* Info.plist */ = {isa = PBXFileReference; lastKnownFileType = text.plist.xml; path = Info.plist; sourceTree = "<group>"; };
		B5476C732BE01D260059F2C9 /* SaveViewController.swift */ = {isa = PBXFileReference; lastKnownFileType = sourcecode.swift; path = SaveViewController.swift; sourceTree = "<group>"; };
		B547A3BC2BDE321D00C3F0FB /* LogInViewController.swift */ = {isa = PBXFileReference; lastKnownFileType = sourcecode.swift; path = LogInViewController.swift; sourceTree = "<group>"; };
		B547A3BE2BDE324400C3F0FB /* SignUpViewController.swift */ = {isa = PBXFileReference; lastKnownFileType = sourcecode.swift; path = SignUpViewController.swift; sourceTree = "<group>"; };
		B565F1D42BD50BAB0028897A /* WIFIMakerViewController.swift */ = {isa = PBXFileReference; lastKnownFileType = sourcecode.swift; path = WIFIMakerViewController.swift; sourceTree = "<group>"; };
		B5755B882BD8054A0022CFC5 /* HistoryViewController.swift */ = {isa = PBXFileReference; lastKnownFileType = sourcecode.swift; path = HistoryViewController.swift; sourceTree = "<group>"; };
		B59DE0B52BD560F700EB6169 /* SocialMedyaMakerViewController.swift */ = {isa = PBXFileReference; lastKnownFileType = sourcecode.swift; path = SocialMedyaMakerViewController.swift; sourceTree = "<group>"; };
		B59DE0B72BD56EC200EB6169 /* PDFMakerViewController.swift */ = {isa = PBXFileReference; lastKnownFileType = sourcecode.swift; path = PDFMakerViewController.swift; sourceTree = "<group>"; };
		B5A8353F2BD40C7500E7B210 /* GenerateAndDesign.swift */ = {isa = PBXFileReference; lastKnownFileType = sourcecode.swift; path = GenerateAndDesign.swift; sourceTree = "<group>"; };
		B5A835412BD4132500E7B210 /* DesignViewController.swift */ = {isa = PBXFileReference; lastKnownFileType = sourcecode.swift; path = DesignViewController.swift; sourceTree = "<group>"; };
		B5A835432BD4255600E7B210 /* MakerViewController.swift */ = {isa = PBXFileReference; lastKnownFileType = sourcecode.swift; path = MakerViewController.swift; sourceTree = "<group>"; };
		B5A835472BD44E1200E7B210 /* TextMakerViewController.swift */ = {isa = PBXFileReference; lastKnownFileType = sourcecode.swift; path = TextMakerViewController.swift; sourceTree = "<group>"; };
		B5A835492BD46BAE00E7B210 /* EmailMakerViewController.swift */ = {isa = PBXFileReference; lastKnownFileType = sourcecode.swift; path = EmailMakerViewController.swift; sourceTree = "<group>"; };
		B5A8354B2BD470CF00E7B210 /* VcardMakerViewController.swift */ = {isa = PBXFileReference; lastKnownFileType = sourcecode.swift; path = VcardMakerViewController.swift; sourceTree = "<group>"; };
		B5C33E222BDD923E00D54549 /* GoogleService-Info.plist */ = {isa = PBXFileReference; fileEncoding = 4; lastKnownFileType = text.plist.xml; path = "GoogleService-Info.plist"; sourceTree = "<group>"; };
		B5D7B3592BCF1909007234B4 /* ScannerViewController.swift */ = {isa = PBXFileReference; lastKnownFileType = sourcecode.swift; path = ScannerViewController.swift; sourceTree = "<group>"; };
		B5D7B35B2BCF1918007234B4 /* URLMakerViewController.swift */ = {isa = PBXFileReference; lastKnownFileType = sourcecode.swift; path = URLMakerViewController.swift; sourceTree = "<group>"; };
		B5DF3E942BDC772400F3DE7C /* AppsMakerViewController.swift */ = {isa = PBXFileReference; lastKnownFileType = sourcecode.swift; path = AppsMakerViewController.swift; sourceTree = "<group>"; };
		C4B5F28CF5AD2BB9B540798C /* Pods-QRScanner.debug.xcconfig */ = {isa = PBXFileReference; includeInIndex = 1; lastKnownFileType = text.xcconfig; name = "Pods-QRScanner.debug.xcconfig"; path = "Target Support Files/Pods-QRScanner/Pods-QRScanner.debug.xcconfig"; sourceTree = "<group>"; };
/* End PBXFileReference section */

/* Begin PBXFrameworksBuildPhase section */
		B538E8702BCDBF6800D72DC1 /* Frameworks */ = {
			isa = PBXFrameworksBuildPhase;
			buildActionMask = 2147483647;
			files = (
				6611A74C514C99EA47364BAD /* Pods_QRScanner.framework in Frameworks */,
			);
			runOnlyForDeploymentPostprocessing = 0;
		};
/* End PBXFrameworksBuildPhase section */

/* Begin PBXGroup section */
		7A271989B90910BCE86106C2 /* Pods */ = {
			isa = PBXGroup;
			children = (
				C4B5F28CF5AD2BB9B540798C /* Pods-QRScanner.debug.xcconfig */,
				5A7FC984CBD2B1D4129EE7F4 /* Pods-QRScanner.release.xcconfig */,
			);
			path = Pods;
			sourceTree = "<group>";
		};
		B538E86A2BCDBF6800D72DC1 = {
			isa = PBXGroup;
			children = (
				B538E8752BCDBF6800D72DC1 /* QRScanner */,
				B538E8742BCDBF6800D72DC1 /* Products */,
				7A271989B90910BCE86106C2 /* Pods */,
				FD2227FC760C2ED22FE241AF /* Frameworks */,
			);
			sourceTree = "<group>";
		};
		B538E8742BCDBF6800D72DC1 /* Products */ = {
			isa = PBXGroup;
			children = (
				B538E8732BCDBF6800D72DC1 /* QRScanner.app */,
			);
			name = Products;
			sourceTree = "<group>";
		};
		B538E8752BCDBF6800D72DC1 /* QRScanner */ = {
			isa = PBXGroup;
			children = (
				B5A835452BD44D9D00E7B210 /* viewControllers */,
				B538E8762BCDBF6800D72DC1 /* AppDelegate.swift */,
				B538E8782BCDBF6800D72DC1 /* SceneDelegate.swift */,
				B5A8353F2BD40C7500E7B210 /* GenerateAndDesign.swift */,
				B538E87C2BCDBF6800D72DC1 /* Main.storyboard */,
				B538E87F2BCDBF6800D72DC1 /* Assets.xcassets */,
				B538E8812BCDBF6800D72DC1 /* LaunchScreen.storyboard */,
				B538E8842BCDBF6800D72DC1 /* Info.plist */,
				B5C33E222BDD923E00D54549 /* GoogleService-Info.plist */,
			);
			path = QRScanner;
			sourceTree = "<group>";
		};
		B5A835452BD44D9D00E7B210 /* viewControllers */ = {
			isa = PBXGroup;
			children = (
				B538E87A2BCDBF6800D72DC1 /* ViewController.swift */,
				B5D7B3592BCF1909007234B4 /* ScannerViewController.swift */,
				B5A835432BD4255600E7B210 /* MakerViewController.swift */,
				B5A835412BD4132500E7B210 /* DesignViewController.swift */,
				B5755B882BD8054A0022CFC5 /* HistoryViewController.swift */,
				B5145BA62BDDB057005EA17A /* ProfilViewController.swift */,
				B547A3BC2BDE321D00C3F0FB /* LogInViewController.swift */,
				B547A3BE2BDE324400C3F0FB /* SignUpViewController.swift */,
				B5476C732BE01D260059F2C9 /* SaveViewController.swift */,
				B5A835462BD44DEF00E7B210 /* Makers */,
			);
			path = viewControllers;
			sourceTree = "<group>";
		};
		B5A835462BD44DEF00E7B210 /* Makers */ = {
			isa = PBXGroup;
			children = (
				B5D7B35B2BCF1918007234B4 /* URLMakerViewController.swift */,
				B5A835472BD44E1200E7B210 /* TextMakerViewController.swift */,
				B5A835492BD46BAE00E7B210 /* EmailMakerViewController.swift */,
				B5A8354B2BD470CF00E7B210 /* VcardMakerViewController.swift */,
				B565F1D42BD50BAB0028897A /* WIFIMakerViewController.swift */,
				B59DE0B52BD560F700EB6169 /* SocialMedyaMakerViewController.swift */,
				B59DE0B72BD56EC200EB6169 /* PDFMakerViewController.swift */,
				B537D1892BD7DF36005B8992 /* ImageMakerViewController.swift */,
				B5DF3E942BDC772400F3DE7C /* AppsMakerViewController.swift */,
			);
			path = Makers;
			sourceTree = "<group>";
		};
		FD2227FC760C2ED22FE241AF /* Frameworks */ = {
			isa = PBXGroup;
			children = (
				A303013510595432F0C26FF3 /* Pods_QRScanner.framework */,
			);
			name = Frameworks;
			sourceTree = "<group>";
		};
/* End PBXGroup section */

/* Begin PBXNativeTarget section */
		B538E8722BCDBF6800D72DC1 /* QRScanner */ = {
			isa = PBXNativeTarget;
			buildConfigurationList = B538E8872BCDBF6800D72DC1 /* Build configuration list for PBXNativeTarget "QRScanner" */;
			buildPhases = (
				219489595C36875C31946096 /* [CP] Check Pods Manifest.lock */,
				B538E86F2BCDBF6800D72DC1 /* Sources */,
				B538E8702BCDBF6800D72DC1 /* Frameworks */,
				B538E8712BCDBF6800D72DC1 /* Resources */,
				9F5EC70D8D63EF43951A253E /* [CP] Embed Pods Frameworks */,
			);
			buildRules = (
			);
			dependencies = (
			);
			name = QRScanner;
			productName = QRScanner;
			productReference = B538E8732BCDBF6800D72DC1 /* QRScanner.app */;
			productType = "com.apple.product-type.application";
		};
/* End PBXNativeTarget section */

/* Begin PBXProject section */
		B538E86B2BCDBF6800D72DC1 /* Project object */ = {
			isa = PBXProject;
			attributes = {
				BuildIndependentTargetsInParallel = 1;
				LastSwiftUpdateCheck = 1530;
				LastUpgradeCheck = 1530;
				TargetAttributes = {
					B538E8722BCDBF6800D72DC1 = {
						CreatedOnToolsVersion = 15.3;
					};
				};
			};
			buildConfigurationList = B538E86E2BCDBF6800D72DC1 /* Build configuration list for PBXProject "QRScanner" */;
			compatibilityVersion = "Xcode 14.0";
			developmentRegion = en;
			hasScannedForEncodings = 0;
			knownRegions = (
				en,
				Base,
			);
			mainGroup = B538E86A2BCDBF6800D72DC1;
			productRefGroup = B538E8742BCDBF6800D72DC1 /* Products */;
			projectDirPath = "";
			projectRoot = "";
			targets = (
				B538E8722BCDBF6800D72DC1 /* QRScanner */,
			);
		};
/* End PBXProject section */

/* Begin PBXResourcesBuildPhase section */
		B538E8712BCDBF6800D72DC1 /* Resources */ = {
			isa = PBXResourcesBuildPhase;
			buildActionMask = 2147483647;
			files = (
				B538E8802BCDBF6800D72DC1 /* Assets.xcassets in Resources */,
				B5C33E232BDD923E00D54549 /* GoogleService-Info.plist in Resources */,
				B538E8832BCDBF6800D72DC1 /* Base in Resources */,
				B538E87E2BCDBF6800D72DC1 /* Base in Resources */,
			);
			runOnlyForDeploymentPostprocessing = 0;
		};
/* End PBXResourcesBuildPhase section */

/* Begin PBXShellScriptBuildPhase section */
		219489595C36875C31946096 /* [CP] Check Pods Manifest.lock */ = {
			isa = PBXShellScriptBuildPhase;
			buildActionMask = 2147483647;
			files = (
			);
			inputFileListPaths = (
			);
			inputPaths = (
				"${PODS_PODFILE_DIR_PATH}/Podfile.lock",
				"${PODS_ROOT}/Manifest.lock",
			);
			name = "[CP] Check Pods Manifest.lock";
			outputFileListPaths = (
			);
			outputPaths = (
				"$(DERIVED_FILE_DIR)/Pods-QRScanner-checkManifestLockResult.txt",
			);
			runOnlyForDeploymentPostprocessing = 0;
			shellPath = /bin/sh;
			shellScript = "diff \"${PODS_PODFILE_DIR_PATH}/Podfile.lock\" \"${PODS_ROOT}/Manifest.lock\" > /dev/null\nif [ $? != 0 ] ; then\n    # print error to STDERR\n    echo \"error: The sandbox is not in sync with the Podfile.lock. Run 'pod install' or update your CocoaPods installation.\" >&2\n    exit 1\nfi\n# This output is used by Xcode 'outputs' to avoid re-running this script phase.\necho \"SUCCESS\" > \"${SCRIPT_OUTPUT_FILE_0}\"\n";
			showEnvVarsInLog = 0;
		};
		9F5EC70D8D63EF43951A253E /* [CP] Embed Pods Frameworks */ = {
			isa = PBXShellScriptBuildPhase;
			buildActionMask = 2147483647;
			files = (
			);
			inputFileListPaths = (
				"${PODS_ROOT}/Target Support Files/Pods-QRScanner/Pods-QRScanner-frameworks-${CONFIGURATION}-input-files.xcfilelist",
			);
			name = "[CP] Embed Pods Frameworks";
			outputFileListPaths = (
				"${PODS_ROOT}/Target Support Files/Pods-QRScanner/Pods-QRScanner-frameworks-${CONFIGURATION}-output-files.xcfilelist",
			);
			runOnlyForDeploymentPostprocessing = 0;
			shellPath = /bin/sh;
			shellScript = "\"${PODS_ROOT}/Target Support Files/Pods-QRScanner/Pods-QRScanner-frameworks.sh\"\n";
			showEnvVarsInLog = 0;
		};
/* End PBXShellScriptBuildPhase section */

/* Begin PBXSourcesBuildPhase section */
		B538E86F2BCDBF6800D72DC1 /* Sources */ = {
			isa = PBXSourcesBuildPhase;
			buildActionMask = 2147483647;
			files = (
				B5A835402BD40C7500E7B210 /* GenerateAndDesign.swift in Sources */,
				B5D7B35C2BCF1918007234B4 /* URLMakerViewController.swift in Sources */,
				B537D18A2BD7DF36005B8992 /* ImageMakerViewController.swift in Sources */,
				B538E87B2BCDBF6800D72DC1 /* ViewController.swift in Sources */,
				B5A835442BD4255600E7B210 /* MakerViewController.swift in Sources */,
				B5A8354C2BD470CF00E7B210 /* VcardMakerViewController.swift in Sources */,
				B5A8354A2BD46BAE00E7B210 /* EmailMakerViewController.swift in Sources */,
				B5755B892BD8054A0022CFC5 /* HistoryViewController.swift in Sources */,
				B5A835482BD44E1200E7B210 /* TextMakerViewController.swift in Sources */,
				B538E8772BCDBF6800D72DC1 /* AppDelegate.swift in Sources */,
				B538E8792BCDBF6800D72DC1 /* SceneDelegate.swift in Sources */,
				B59DE0B62BD560F800EB6169 /* SocialMedyaMakerViewController.swift in Sources */,
				B5145BA72BDDB057005EA17A /* ProfilViewController.swift in Sources */,
				B5476C742BE01D260059F2C9 /* SaveViewController.swift in Sources */,
				B5D7B35A2BCF1909007234B4 /* ScannerViewController.swift in Sources */,
				B547A3BF2BDE324400C3F0FB /* SignUpViewController.swift in Sources */,
				B5DF3E952BDC772400F3DE7C /* AppsMakerViewController.swift in Sources */,
				B565F1D52BD50BAB0028897A /* WIFIMakerViewController.swift in Sources */,
				B59DE0B82BD56EC200EB6169 /* PDFMakerViewController.swift in Sources */,
				B547A3BD2BDE321D00C3F0FB /* LogInViewController.swift in Sources */,
				B5A835422BD4132500E7B210 /* DesignViewController.swift in Sources */,
			);
			runOnlyForDeploymentPostprocessing = 0;
		};
/* End PBXSourcesBuildPhase section */

/* Begin PBXVariantGroup section */
		B538E87C2BCDBF6800D72DC1 /* Main.storyboard */ = {
			isa = PBXVariantGroup;
			children = (
				B538E87D2BCDBF6800D72DC1 /* Base */,
			);
			name = Main.storyboard;
			sourceTree = "<group>";
		};
		B538E8812BCDBF6800D72DC1 /* LaunchScreen.storyboard */ = {
			isa = PBXVariantGroup;
			children = (
				B538E8822BCDBF6800D72DC1 /* Base */,
			);
			name = LaunchScreen.storyboard;
			sourceTree = "<group>";
		};
/* End PBXVariantGroup section */

/* Begin XCBuildConfiguration section */
		B538E8852BCDBF6800D72DC1 /* Debug */ = {
			isa = XCBuildConfiguration;
			buildSettings = {
				ALWAYS_SEARCH_USER_PATHS = NO;
				ASSETCATALOG_COMPILER_GENERATE_SWIFT_ASSET_SYMBOL_EXTENSIONS = YES;
				CLANG_ANALYZER_NONNULL = YES;
				CLANG_ANALYZER_NUMBER_OBJECT_CONVERSION = YES_AGGRESSIVE;
				CLANG_CXX_LANGUAGE_STANDARD = "gnu++20";
				CLANG_ENABLE_MODULES = YES;
				CLANG_ENABLE_OBJC_ARC = YES;
				CLANG_ENABLE_OBJC_WEAK = YES;
				CLANG_WARN_BLOCK_CAPTURE_AUTORELEASING = YES;
				CLANG_WARN_BOOL_CONVERSION = YES;
				CLANG_WARN_COMMA = YES;
				CLANG_WARN_CONSTANT_CONVERSION = YES;
				CLANG_WARN_DEPRECATED_OBJC_IMPLEMENTATIONS = YES;
				CLANG_WARN_DIRECT_OBJC_ISA_USAGE = YES_ERROR;
				CLANG_WARN_DOCUMENTATION_COMMENTS = YES;
				CLANG_WARN_EMPTY_BODY = YES;
				CLANG_WARN_ENUM_CONVERSION = YES;
				CLANG_WARN_INFINITE_RECURSION = YES;
				CLANG_WARN_INT_CONVERSION = YES;
				CLANG_WARN_NON_LITERAL_NULL_CONVERSION = YES;
				CLANG_WARN_OBJC_IMPLICIT_RETAIN_SELF = YES;
				CLANG_WARN_OBJC_LITERAL_CONVERSION = YES;
				CLANG_WARN_OBJC_ROOT_CLASS = YES_ERROR;
				CLANG_WARN_QUOTED_INCLUDE_IN_FRAMEWORK_HEADER = YES;
				CLANG_WARN_RANGE_LOOP_ANALYSIS = YES;
				CLANG_WARN_STRICT_PROTOTYPES = YES;
				CLANG_WARN_SUSPICIOUS_MOVE = YES;
				CLANG_WARN_UNGUARDED_AVAILABILITY = YES_AGGRESSIVE;
				CLANG_WARN_UNREACHABLE_CODE = YES;
				CLANG_WARN__DUPLICATE_METHOD_MATCH = YES;
				COPY_PHASE_STRIP = NO;
				DEBUG_INFORMATION_FORMAT = dwarf;
				ENABLE_STRICT_OBJC_MSGSEND = YES;
				ENABLE_TESTABILITY = YES;
				ENABLE_USER_SCRIPT_SANDBOXING = NO;
				GCC_C_LANGUAGE_STANDARD = gnu17;
				GCC_DYNAMIC_NO_PIC = NO;
				GCC_NO_COMMON_BLOCKS = YES;
				GCC_OPTIMIZATION_LEVEL = 0;
				GCC_PREPROCESSOR_DEFINITIONS = (
					"DEBUG=1",
					"$(inherited)",
				);
				GCC_WARN_64_TO_32_BIT_CONVERSION = YES;
				GCC_WARN_ABOUT_RETURN_TYPE = YES_ERROR;
				GCC_WARN_UNDECLARED_SELECTOR = YES;
				GCC_WARN_UNINITIALIZED_AUTOS = YES_AGGRESSIVE;
				GCC_WARN_UNUSED_FUNCTION = YES;
				GCC_WARN_UNUSED_VARIABLE = YES;
				IPHONEOS_DEPLOYMENT_TARGET = 17.4;
				LOCALIZATION_PREFERS_STRING_CATALOGS = YES;
				MTL_ENABLE_DEBUG_INFO = INCLUDE_SOURCE;
				MTL_FAST_MATH = YES;
				ONLY_ACTIVE_ARCH = YES;
				SDKROOT = iphoneos;
				SWIFT_ACTIVE_COMPILATION_CONDITIONS = "DEBUG $(inherited)";
				SWIFT_OPTIMIZATION_LEVEL = "-Onone";
			};
			name = Debug;
		};
		B538E8862BCDBF6800D72DC1 /* Release */ = {
			isa = XCBuildConfiguration;
			buildSettings = {
				ALWAYS_SEARCH_USER_PATHS = NO;
				ASSETCATALOG_COMPILER_GENERATE_SWIFT_ASSET_SYMBOL_EXTENSIONS = YES;
				CLANG_ANALYZER_NONNULL = YES;
				CLANG_ANALYZER_NUMBER_OBJECT_CONVERSION = YES_AGGRESSIVE;
				CLANG_CXX_LANGUAGE_STANDARD = "gnu++20";
				CLANG_ENABLE_MODULES = YES;
				CLANG_ENABLE_OBJC_ARC = YES;
				CLANG_ENABLE_OBJC_WEAK = YES;
				CLANG_WARN_BLOCK_CAPTURE_AUTORELEASING = YES;
				CLANG_WARN_BOOL_CONVERSION = YES;
				CLANG_WARN_COMMA = YES;
				CLANG_WARN_CONSTANT_CONVERSION = YES;
				CLANG_WARN_DEPRECATED_OBJC_IMPLEMENTATIONS = YES;
				CLANG_WARN_DIRECT_OBJC_ISA_USAGE = YES_ERROR;
				CLANG_WARN_DOCUMENTATION_COMMENTS = YES;
				CLANG_WARN_EMPTY_BODY = YES;
				CLANG_WARN_ENUM_CONVERSION = YES;
				CLANG_WARN_INFINITE_RECURSION = YES;
				CLANG_WARN_INT_CONVERSION = YES;
				CLANG_WARN_NON_LITERAL_NULL_CONVERSION = YES;
				CLANG_WARN_OBJC_IMPLICIT_RETAIN_SELF = YES;
				CLANG_WARN_OBJC_LITERAL_CONVERSION = YES;
				CLANG_WARN_OBJC_ROOT_CLASS = YES_ERROR;
				CLANG_WARN_QUOTED_INCLUDE_IN_FRAMEWORK_HEADER = YES;
				CLANG_WARN_RANGE_LOOP_ANALYSIS = YES;
				CLANG_WARN_STRICT_PROTOTYPES = YES;
				CLANG_WARN_SUSPICIOUS_MOVE = YES;
				CLANG_WARN_UNGUARDED_AVAILABILITY = YES_AGGRESSIVE;
				CLANG_WARN_UNREACHABLE_CODE = YES;
				CLANG_WARN__DUPLICATE_METHOD_MATCH = YES;
				COPY_PHASE_STRIP = NO;
				DEBUG_INFORMATION_FORMAT = "dwarf-with-dsym";
				ENABLE_NS_ASSERTIONS = NO;
				ENABLE_STRICT_OBJC_MSGSEND = YES;
				ENABLE_USER_SCRIPT_SANDBOXING = NO;
				GCC_C_LANGUAGE_STANDARD = gnu17;
				GCC_NO_COMMON_BLOCKS = YES;
				GCC_WARN_64_TO_32_BIT_CONVERSION = YES;
				GCC_WARN_ABOUT_RETURN_TYPE = YES_ERROR;
				GCC_WARN_UNDECLARED_SELECTOR = YES;
				GCC_WARN_UNINITIALIZED_AUTOS = YES_AGGRESSIVE;
				GCC_WARN_UNUSED_FUNCTION = YES;
				GCC_WARN_UNUSED_VARIABLE = YES;
				IPHONEOS_DEPLOYMENT_TARGET = 17.4;
				LOCALIZATION_PREFERS_STRING_CATALOGS = YES;
				MTL_ENABLE_DEBUG_INFO = NO;
				MTL_FAST_MATH = YES;
				SDKROOT = iphoneos;
				SWIFT_COMPILATION_MODE = wholemodule;
				VALIDATE_PRODUCT = YES;
			};
			name = Release;
		};
		B538E8882BCDBF6800D72DC1 /* Debug */ = {
			isa = XCBuildConfiguration;
			baseConfigurationReference = C4B5F28CF5AD2BB9B540798C /* Pods-QRScanner.debug.xcconfig */;
			buildSettings = {
				ASSETCATALOG_COMPILER_APPICON_NAME = AppIcon;
				ASSETCATALOG_COMPILER_GLOBAL_ACCENT_COLOR_NAME = AccentColor;
				CODE_SIGN_STYLE = Automatic;
				CURRENT_PROJECT_VERSION = 1;
				DEVELOPMENT_TEAM = 7YZ7L7644W;
				GENERATE_INFOPLIST_FILE = YES;
				INFOPLIST_FILE = QRScanner/Info.plist;
				INFOPLIST_KEY_UIApplicationSupportsIndirectInputEvents = YES;
				INFOPLIST_KEY_UILaunchStoryboardName = LaunchScreen;
				INFOPLIST_KEY_UIMainStoryboardFile = Main;
				INFOPLIST_KEY_UISupportedInterfaceOrientations_iPad = "UIInterfaceOrientationPortrait UIInterfaceOrientationPortraitUpsideDown UIInterfaceOrientationLandscapeLeft UIInterfaceOrientationLandscapeRight";
				INFOPLIST_KEY_UISupportedInterfaceOrientations_iPhone = "UIInterfaceOrientationPortrait UIInterfaceOrientationLandscapeLeft UIInterfaceOrientationLandscapeRight";
				LD_RUNPATH_SEARCH_PATHS = (
					"$(inherited)",
					"@executable_path/Frameworks",
				);
				MARKETING_VERSION = 1.0;
				PRODUCT_BUNDLE_IDENTIFIER = com.islamkirenli.QRScanner;
				PRODUCT_NAME = "$(TARGET_NAME)";
				SWIFT_EMIT_LOC_STRINGS = YES;
				SWIFT_VERSION = 5.0;
				TARGETED_DEVICE_FAMILY = "1,2";
			};
			name = Debug;
		};
		B538E8892BCDBF6800D72DC1 /* Release */ = {
			isa = XCBuildConfiguration;
			baseConfigurationReference = 5A7FC984CBD2B1D4129EE7F4 /* Pods-QRScanner.release.xcconfig */;
			buildSettings = {
				ASSETCATALOG_COMPILER_APPICON_NAME = AppIcon;
				ASSETCATALOG_COMPILER_GLOBAL_ACCENT_COLOR_NAME = AccentColor;
				CODE_SIGN_STYLE = Automatic;
				CURRENT_PROJECT_VERSION = 1;
				DEVELOPMENT_TEAM = 7YZ7L7644W;
				GENERATE_INFOPLIST_FILE = YES;
				INFOPLIST_FILE = QRScanner/Info.plist;
				INFOPLIST_KEY_UIApplicationSupportsIndirectInputEvents = YES;
				INFOPLIST_KEY_UILaunchStoryboardName = LaunchScreen;
				INFOPLIST_KEY_UIMainStoryboardFile = Main;
				INFOPLIST_KEY_UISupportedInterfaceOrientations_iPad = "UIInterfaceOrientationPortrait UIInterfaceOrientationPortraitUpsideDown UIInterfaceOrientationLandscapeLeft UIInterfaceOrientationLandscapeRight";
				INFOPLIST_KEY_UISupportedInterfaceOrientations_iPhone = "UIInterfaceOrientationPortrait UIInterfaceOrientationLandscapeLeft UIInterfaceOrientationLandscapeRight";
				LD_RUNPATH_SEARCH_PATHS = (
					"$(inherited)",
					"@executable_path/Frameworks",
				);
				MARKETING_VERSION = 1.0;
				PRODUCT_BUNDLE_IDENTIFIER = com.islamkirenli.QRScanner;
				PRODUCT_NAME = "$(TARGET_NAME)";
				SWIFT_EMIT_LOC_STRINGS = YES;
				SWIFT_VERSION = 5.0;
				TARGETED_DEVICE_FAMILY = "1,2";
			};
			name = Release;
		};
/* End XCBuildConfiguration section */

/* Begin XCConfigurationList section */
		B538E86E2BCDBF6800D72DC1 /* Build configuration list for PBXProject "QRScanner" */ = {
			isa = XCConfigurationList;
			buildConfigurations = (
				B538E8852BCDBF6800D72DC1 /* Debug */,
				B538E8862BCDBF6800D72DC1 /* Release */,
			);
			defaultConfigurationIsVisible = 0;
			defaultConfigurationName = Release;
		};
		B538E8872BCDBF6800D72DC1 /* Build configuration list for PBXNativeTarget "QRScanner" */ = {
			isa = XCConfigurationList;
			buildConfigurations = (
				B538E8882BCDBF6800D72DC1 /* Debug */,
				B538E8892BCDBF6800D72DC1 /* Release */,
			);
			defaultConfigurationIsVisible = 0;
			defaultConfigurationName = Release;
		};
/* End XCConfigurationList section */
	};
	rootObject = B538E86B2BCDBF6800D72DC1 /* Project object */;
}
